{
  "name": "YOUR_LIBRARY_EXAMPLE",
  "version": "1.0.0",
  "lockfileVersion": 2,
  "requires": true,
  "packages": {
    "": {
      "name": "YOUR_LIBRARY_EXAMPLE",
      "version": "1.0.0",
      "license": "ISC",
      "dependencies": {
        "type-safe-return": "0.0.1",
        "typescript": "^4.6.2"
      }
    },
    "node_modules/type-safe-return": {
      "version": "0.0.1",
      "resolved": "https://registry.npmjs.org/type-safe-return/-/type-safe-return-0.0.1.tgz",
      "integrity": "sha512-TGZTB1t7SXen4pdVsbwn4f16vnz9CopilJfSpiEr4FuRhV3V4r5FHKNrb0Ctw/2uImVE02wwGUIbmDb3I09o1A=="
    },
    "node_modules/typescript": {
      "version": "4.7.3",
      "resolved": "https://registry.npmjs.org/typescript/-/typescript-4.7.3.tgz",
      "integrity": "sha512-WOkT3XYvrpXx4vMMqlD+8R8R37fZkjyLGlxavMc4iB8lrl8L0DeTcHbYgw/v0N/z9wAFsgBhcsF0ruoySS22mA==",
      "bin": {
        "tsc": "bin/tsc",
        "tsserver": "bin/tsserver"
      },
      "engines": {
        "node": ">=4.2.0"
      }
    }
  },
  "dependencies": {
    "type-safe-return": {
      "version": "0.0.1",
      "resolved": "https://registry.npmjs.org/type-safe-return/-/type-safe-return-0.0.1.tgz",
      "integrity": "sha512-TGZTB1t7SXen4pdVsbwn4f16vnz9CopilJfSpiEr4FuRhV3V4r5FHKNrb0Ctw/2uImVE02wwGUIbmDb3I09o1A=="
    },
    "typescript": {
      "version": "4.7.3",
      "resolved": "https://registry.npmjs.org/typescript/-/typescript-4.7.3.tgz",
      "integrity": "sha512-WOkT3XYvrpXx4vMMqlD+8R8R37fZkjyLGlxavMc4iB8lrl8L0DeTcHbYgw/v0N/z9wAFsgBhcsF0ruoySS22mA=="
    }
  }
}
